// !$*UTF8*$!
{
	archiveVersion = 1;
	classes = {
	};
	objectVersion = 56;
	objects = {

/* Begin PBXBuildFile section */
		0367D278754904D3BE511680 /* RootTabViewModelProtocol.swift in Sources */ = {isa = PBXBuildFile; fileRef = C317BEB17A306D324A8ABDF9 /* RootTabViewModelProtocol.swift */; };
		059D682A63D923320C29D020 /* RootTabViewIntent.swift in Sources */ = {isa = PBXBuildFile; fileRef = AA5F5356FA653BF21282E9CC /* RootTabViewIntent.swift */; };
		15FBC62D9656D5D76DCDC9A9 /* RootTabViewAssembly.swift in Sources */ = {isa = PBXBuildFile; fileRef = C09987810F96248EB5856262 /* RootTabViewAssembly.swift */; };
		3668EDE6FF01A3176662F0F9 /* SeasonStandingIntentProtocol.swift in Sources */ = {isa = PBXBuildFile; fileRef = 437AB9510CB75DA42A92F061 /* SeasonStandingIntentProtocol.swift */; };
		39B094C72C7A4B3000098F31 /* MyF1ProjectApp.swift in Sources */ = {isa = PBXBuildFile; fileRef = 39B094C62C7A4B3000098F31 /* MyF1ProjectApp.swift */; };
		39B094CB2C7A4B3300098F31 /* Assets.xcassets in Resources */ = {isa = PBXBuildFile; fileRef = 39B094CA2C7A4B3300098F31 /* Assets.xcassets */; };
		39B094CE2C7A4B3300098F31 /* Preview Assets.xcassets in Resources */ = {isa = PBXBuildFile; fileRef = 39B094CD2C7A4B3300098F31 /* Preview Assets.xcassets */; };
		39B094D82C7A4B3300098F31 /* MyF1ProjectTests.swift in Sources */ = {isa = PBXBuildFile; fileRef = 39B094D72C7A4B3300098F31 /* MyF1ProjectTests.swift */; };
		39B094E22C7A4B3300098F31 /* MyF1ProjectUITests.swift in Sources */ = {isa = PBXBuildFile; fileRef = 39B094E12C7A4B3300098F31 /* MyF1ProjectUITests.swift */; };
		39B094E42C7A4B3300098F31 /* MyF1ProjectUITestsLaunchTests.swift in Sources */ = {isa = PBXBuildFile; fileRef = 39B094E32C7A4B3300098F31 /* MyF1ProjectUITestsLaunchTests.swift */; };
		39D1D82A2C7B14FF005464CF /* MVIContainer.swift in Sources */ = {isa = PBXBuildFile; fileRef = 39D1D8292C7B14FF005464CF /* MVIContainer.swift */; };
		39D1D82C2C7B1528005464CF /* RouterProtocol.swift in Sources */ = {isa = PBXBuildFile; fileRef = 39D1D82B2C7B1528005464CF /* RouterProtocol.swift */; };
		39D1D82E2C7B154E005464CF /* RouterScreenProtocol.swift in Sources */ = {isa = PBXBuildFile; fileRef = 39D1D82D2C7B154E005464CF /* RouterScreenProtocol.swift */; };
		39D1D8312C7B15A4005464CF /* RouterAlertModifier.swift in Sources */ = {isa = PBXBuildFile; fileRef = 39D1D8302C7B15A4005464CF /* RouterAlertModifier.swift */; };
		39D1D8332C7B15F1005464CF /* RouterCloseModifier.swift in Sources */ = {isa = PBXBuildFile; fileRef = 39D1D8322C7B15F1005464CF /* RouterCloseModifier.swift */; };
		39D1D8352C7B161F005464CF /* RouterNavigationStackModifier.swift in Sources */ = {isa = PBXBuildFile; fileRef = 39D1D8342C7B161F005464CF /* RouterNavigationStackModifier.swift */; };
		39D1D8372C7B1644005464CF /* RouterNavigationViewModifier.swift in Sources */ = {isa = PBXBuildFile; fileRef = 39D1D8362C7B1644005464CF /* RouterNavigationViewModifier.swift */; };
		39D1D8392C7B1A11005464CF /* RouterSheetModifier.swift in Sources */ = {isa = PBXBuildFile; fileRef = 39D1D8382C7B1A11005464CF /* RouterSheetModifier.swift */; };
		468D3D98FAA5B0E7D0E700CC /* SeasonStandingIntent.swift in Sources */ = {isa = PBXBuildFile; fileRef = 51B88AE685EAB5E92668EBC3 /* SeasonStandingIntent.swift */; };
		472BF2A362658EE24C45DEEE /* RootTabViewView.swift in Sources */ = {isa = PBXBuildFile; fileRef = 2941FAAD5747B918BBA8D00E /* RootTabViewView.swift */; };
		6A69C7E49581204EB094DB57 /* SeasonStandingRouter.swift in Sources */ = {isa = PBXBuildFile; fileRef = ED97270F307AA24FE980FCC2 /* SeasonStandingRouter.swift */; };
		7A8D2D7038099D42D9252CCA /* SeasonStandingView.swift in Sources */ = {isa = PBXBuildFile; fileRef = A3005CC0CFDCC1D2C14EF0BB /* SeasonStandingView.swift */; };
		896A095A6660C867446B8012 /* SeasonStandingModel.swift in Sources */ = {isa = PBXBuildFile; fileRef = 6E549D0722870A4C26B63B8E /* SeasonStandingModel.swift */; };
		D21D5794F3F23069899D43D2 /* RootTabViewModel.swift in Sources */ = {isa = PBXBuildFile; fileRef = 025AA2C307C13E47ADEA30CA /* RootTabViewModel.swift */; };
		DAD61D02D00ABA89208009AB /* SeasonStandingAssembly.swift in Sources */ = {isa = PBXBuildFile; fileRef = 1ED27327E34CDC44EECFF08B /* SeasonStandingAssembly.swift */; };
		E25ADB63FBE04831D470C850 /* SeasonStandingModelProtocol.swift in Sources */ = {isa = PBXBuildFile; fileRef = EF8519D3EDFFDB76047F6EBA /* SeasonStandingModelProtocol.swift */; };
		F6FC2E716943C3578D34BBF6 /* RootTabViewIntentProtocol.swift in Sources */ = {isa = PBXBuildFile; fileRef = B4AC352A71DF05DD53BBDF33 /* RootTabViewIntentProtocol.swift */; };
		FC3BECDB4F1D83B12838D4D6 /* RootTabViewRouter.swift in Sources */ = {isa = PBXBuildFile; fileRef = C26369E4CA1630B46E919B7C /* RootTabViewRouter.swift */; };
/* End PBXBuildFile section */

/* Begin PBXContainerItemProxy section */
		39B094D42C7A4B3300098F31 /* PBXContainerItemProxy */ = {
			isa = PBXContainerItemProxy;
			containerPortal = 39B094BB2C7A4B3000098F31 /* Project object */;
			proxyType = 1;
			remoteGlobalIDString = 39B094C22C7A4B3000098F31;
			remoteInfo = MyF1Project;
		};
		39B094DE2C7A4B3300098F31 /* PBXContainerItemProxy */ = {
			isa = PBXContainerItemProxy;
			containerPortal = 39B094BB2C7A4B3000098F31 /* Project object */;
			proxyType = 1;
			remoteGlobalIDString = 39B094C22C7A4B3000098F31;
			remoteInfo = MyF1Project;
		};
/* End PBXContainerItemProxy section */

/* Begin PBXFileReference section */
		025AA2C307C13E47ADEA30CA /* RootTabViewModel.swift */ = {isa = PBXFileReference; includeInIndex = 1; lastKnownFileType = sourcecode.swift; path = RootTabViewModel.swift; sourceTree = "<group>"; };
		1ED27327E34CDC44EECFF08B /* SeasonStandingAssembly.swift */ = {isa = PBXFileReference; includeInIndex = 1; lastKnownFileType = sourcecode.swift; path = SeasonStandingAssembly.swift; sourceTree = "<group>"; };
		2941FAAD5747B918BBA8D00E /* RootTabViewView.swift */ = {isa = PBXFileReference; includeInIndex = 1; lastKnownFileType = sourcecode.swift; path = RootTabViewView.swift; sourceTree = "<group>"; };
		39B094C32C7A4B3000098F31 /* MyF1Project.app */ = {isa = PBXFileReference; explicitFileType = wrapper.application; includeInIndex = 0; path = MyF1Project.app; sourceTree = BUILT_PRODUCTS_DIR; };
		39B094C62C7A4B3000098F31 /* MyF1ProjectApp.swift */ = {isa = PBXFileReference; lastKnownFileType = sourcecode.swift; path = MyF1ProjectApp.swift; sourceTree = "<group>"; };
		39B094CA2C7A4B3300098F31 /* Assets.xcassets */ = {isa = PBXFileReference; lastKnownFileType = folder.assetcatalog; path = Assets.xcassets; sourceTree = "<group>"; };
		39B094CD2C7A4B3300098F31 /* Preview Assets.xcassets */ = {isa = PBXFileReference; lastKnownFileType = folder.assetcatalog; path = "Preview Assets.xcassets"; sourceTree = "<group>"; };
		39B094D32C7A4B3300098F31 /* MyF1ProjectTests.xctest */ = {isa = PBXFileReference; explicitFileType = wrapper.cfbundle; includeInIndex = 0; path = MyF1ProjectTests.xctest; sourceTree = BUILT_PRODUCTS_DIR; };
		39B094D72C7A4B3300098F31 /* MyF1ProjectTests.swift */ = {isa = PBXFileReference; lastKnownFileType = sourcecode.swift; path = MyF1ProjectTests.swift; sourceTree = "<group>"; };
		39B094DD2C7A4B3300098F31 /* MyF1ProjectUITests.xctest */ = {isa = PBXFileReference; explicitFileType = wrapper.cfbundle; includeInIndex = 0; path = MyF1ProjectUITests.xctest; sourceTree = BUILT_PRODUCTS_DIR; };
		39B094E12C7A4B3300098F31 /* MyF1ProjectUITests.swift */ = {isa = PBXFileReference; lastKnownFileType = sourcecode.swift; path = MyF1ProjectUITests.swift; sourceTree = "<group>"; };
		39B094E32C7A4B3300098F31 /* MyF1ProjectUITestsLaunchTests.swift */ = {isa = PBXFileReference; lastKnownFileType = sourcecode.swift; path = MyF1ProjectUITestsLaunchTests.swift; sourceTree = "<group>"; };
		39D1D8292C7B14FF005464CF /* MVIContainer.swift */ = {isa = PBXFileReference; lastKnownFileType = sourcecode.swift; path = MVIContainer.swift; sourceTree = "<group>"; };
		39D1D82B2C7B1528005464CF /* RouterProtocol.swift */ = {isa = PBXFileReference; lastKnownFileType = sourcecode.swift; path = RouterProtocol.swift; sourceTree = "<group>"; };
		39D1D82D2C7B154E005464CF /* RouterScreenProtocol.swift */ = {isa = PBXFileReference; lastKnownFileType = sourcecode.swift; path = RouterScreenProtocol.swift; sourceTree = "<group>"; };
		39D1D8302C7B15A4005464CF /* RouterAlertModifier.swift */ = {isa = PBXFileReference; lastKnownFileType = sourcecode.swift; path = RouterAlertModifier.swift; sourceTree = "<group>"; };
		39D1D8322C7B15F1005464CF /* RouterCloseModifier.swift */ = {isa = PBXFileReference; lastKnownFileType = sourcecode.swift; path = RouterCloseModifier.swift; sourceTree = "<group>"; };
		39D1D8342C7B161F005464CF /* RouterNavigationStackModifier.swift */ = {isa = PBXFileReference; lastKnownFileType = sourcecode.swift; path = RouterNavigationStackModifier.swift; sourceTree = "<group>"; };
		39D1D8362C7B1644005464CF /* RouterNavigationViewModifier.swift */ = {isa = PBXFileReference; lastKnownFileType = sourcecode.swift; path = RouterNavigationViewModifier.swift; sourceTree = "<group>"; };
		39D1D8382C7B1A11005464CF /* RouterSheetModifier.swift */ = {isa = PBXFileReference; lastKnownFileType = sourcecode.swift; path = RouterSheetModifier.swift; sourceTree = "<group>"; };
		437AB9510CB75DA42A92F061 /* SeasonStandingIntentProtocol.swift */ = {isa = PBXFileReference; includeInIndex = 1; lastKnownFileType = sourcecode.swift; path = SeasonStandingIntentProtocol.swift; sourceTree = "<group>"; };
		51B88AE685EAB5E92668EBC3 /* SeasonStandingIntent.swift */ = {isa = PBXFileReference; includeInIndex = 1; lastKnownFileType = sourcecode.swift; path = SeasonStandingIntent.swift; sourceTree = "<group>"; };
		6E549D0722870A4C26B63B8E /* SeasonStandingModel.swift */ = {isa = PBXFileReference; includeInIndex = 1; lastKnownFileType = sourcecode.swift; path = SeasonStandingModel.swift; sourceTree = "<group>"; };
		A3005CC0CFDCC1D2C14EF0BB /* SeasonStandingView.swift */ = {isa = PBXFileReference; includeInIndex = 1; lastKnownFileType = sourcecode.swift; path = SeasonStandingView.swift; sourceTree = "<group>"; };
		AA5F5356FA653BF21282E9CC /* RootTabViewIntent.swift */ = {isa = PBXFileReference; includeInIndex = 1; lastKnownFileType = sourcecode.swift; path = RootTabViewIntent.swift; sourceTree = "<group>"; };
		B4AC352A71DF05DD53BBDF33 /* RootTabViewIntentProtocol.swift */ = {isa = PBXFileReference; includeInIndex = 1; lastKnownFileType = sourcecode.swift; path = RootTabViewIntentProtocol.swift; sourceTree = "<group>"; };
		C09987810F96248EB5856262 /* RootTabViewAssembly.swift */ = {isa = PBXFileReference; includeInIndex = 1; lastKnownFileType = sourcecode.swift; path = RootTabViewAssembly.swift; sourceTree = "<group>"; };
		C26369E4CA1630B46E919B7C /* RootTabViewRouter.swift */ = {isa = PBXFileReference; includeInIndex = 1; lastKnownFileType = sourcecode.swift; path = RootTabViewRouter.swift; sourceTree = "<group>"; };
		C317BEB17A306D324A8ABDF9 /* RootTabViewModelProtocol.swift */ = {isa = PBXFileReference; includeInIndex = 1; lastKnownFileType = sourcecode.swift; path = RootTabViewModelProtocol.swift; sourceTree = "<group>"; };
		ED97270F307AA24FE980FCC2 /* SeasonStandingRouter.swift */ = {isa = PBXFileReference; includeInIndex = 1; lastKnownFileType = sourcecode.swift; path = SeasonStandingRouter.swift; sourceTree = "<group>"; };
		EF8519D3EDFFDB76047F6EBA /* SeasonStandingModelProtocol.swift */ = {isa = PBXFileReference; includeInIndex = 1; lastKnownFileType = sourcecode.swift; path = SeasonStandingModelProtocol.swift; sourceTree = "<group>"; };
/* End PBXFileReference section */

/* Begin PBXFrameworksBuildPhase section */
		39B094C02C7A4B3000098F31 /* Frameworks */ = {
			isa = PBXFrameworksBuildPhase;
			buildActionMask = 2147483647;
			files = (
			);
			runOnlyForDeploymentPostprocessing = 0;
		};
		39B094D02C7A4B3300098F31 /* Frameworks */ = {
			isa = PBXFrameworksBuildPhase;
			buildActionMask = 2147483647;
			files = (
			);
			runOnlyForDeploymentPostprocessing = 0;
		};
		39B094DA2C7A4B3300098F31 /* Frameworks */ = {
			isa = PBXFrameworksBuildPhase;
			buildActionMask = 2147483647;
			files = (
			);
			runOnlyForDeploymentPostprocessing = 0;
		};
/* End PBXFrameworksBuildPhase section */

/* Begin PBXGroup section */
		0A6CED638D6B067100B7F59F /* Model */ = {
			isa = PBXGroup;
			children = (
				C317BEB17A306D324A8ABDF9 /* RootTabViewModelProtocol.swift */,
				025AA2C307C13E47ADEA30CA /* RootTabViewModel.swift */,
			);
			path = Model;
			sourceTree = "<group>";
		};
		2CF4845EA9C95465AA1DE713 /* Assembly */ = {
			isa = PBXGroup;
			children = (
				1ED27327E34CDC44EECFF08B /* SeasonStandingAssembly.swift */,
			);
			path = Assembly;
			sourceTree = "<group>";
		};
		39B094BA2C7A4B3000098F31 = {
			isa = PBXGroup;
			children = (
				39B094C52C7A4B3000098F31 /* MyF1Project */,
				39B094D62C7A4B3300098F31 /* MyF1ProjectTests */,
				39B094E02C7A4B3300098F31 /* MyF1ProjectUITests */,
				39B094C42C7A4B3000098F31 /* Products */,
			);
			sourceTree = "<group>";
		};
		39B094C42C7A4B3000098F31 /* Products */ = {
			isa = PBXGroup;
			children = (
				39B094C32C7A4B3000098F31 /* MyF1Project.app */,
				39B094D32C7A4B3300098F31 /* MyF1ProjectTests.xctest */,
				39B094DD2C7A4B3300098F31 /* MyF1ProjectUITests.xctest */,
			);
			name = Products;
			sourceTree = "<group>";
		};
		39B094C52C7A4B3000098F31 /* MyF1Project */ = {
			isa = PBXGroup;
			children = (
				39B094C62C7A4B3000098F31 /* MyF1ProjectApp.swift */,
				39B094F12C7A4C1700098F31 /* Classes */,
				39B094F22C7A4C2900098F31 /* Resources */,
				39B094F32C7A4C3D00098F31 /* SupportingFiles */,
			);
			path = MyF1Project;
			sourceTree = "<group>";
		};
		39B094CC2C7A4B3300098F31 /* Preview Content */ = {
			isa = PBXGroup;
			children = (
				39B094CD2C7A4B3300098F31 /* Preview Assets.xcassets */,
			);
			path = "Preview Content";
			sourceTree = "<group>";
		};
		39B094D62C7A4B3300098F31 /* MyF1ProjectTests */ = {
			isa = PBXGroup;
			children = (
				39B094D72C7A4B3300098F31 /* MyF1ProjectTests.swift */,
			);
			path = MyF1ProjectTests;
			sourceTree = "<group>";
		};
		39B094E02C7A4B3300098F31 /* MyF1ProjectUITests */ = {
			isa = PBXGroup;
			children = (
				39B094E12C7A4B3300098F31 /* MyF1ProjectUITests.swift */,
				39B094E32C7A4B3300098F31 /* MyF1ProjectUITestsLaunchTests.swift */,
			);
			path = MyF1ProjectUITests;
			sourceTree = "<group>";
		};
		39B094F12C7A4C1700098F31 /* Classes */ = {
			isa = PBXGroup;
			children = (
				39B094F42C7A4C8C00098F31 /* ApplicationLayer */,
				39B094F52C7A4C9900098F31 /* CoreLayer */,
				39B094F62C7A4E9600098F31 /* BusinessLogicLayer */,
				39B094F72C7A4EBC00098F31 /* PresentationLayer */,
				39B094F82C7A4ED000098F31 /* Models */,
				39B094F92C7A4F9400098F31 /* Helpers */,
				39D1D8262C7B0DAF005464CF /* Extensions */,
			);
			path = Classes;
			sourceTree = "<group>";
		};
		39B094F22C7A4C2900098F31 /* Resources */ = {
			isa = PBXGroup;
			children = (
				39B094CA2C7A4B3300098F31 /* Assets.xcassets */,
				39B094CC2C7A4B3300098F31 /* Preview Content */,
			);
			path = Resources;
			sourceTree = "<group>";
		};
		39B094F32C7A4C3D00098F31 /* SupportingFiles */ = {
			isa = PBXGroup;
			children = (
			);
			path = SupportingFiles;
			sourceTree = "<group>";
		};
		39B094F42C7A4C8C00098F31 /* ApplicationLayer */ = {
			isa = PBXGroup;
			children = (
			);
			path = ApplicationLayer;
			sourceTree = "<group>";
		};
		39B094F52C7A4C9900098F31 /* CoreLayer */ = {
			isa = PBXGroup;
			children = (
				39D1D8212C7B0855005464CF /* DataStore */,
			);
			path = CoreLayer;
			sourceTree = "<group>";
		};
		39B094F62C7A4E9600098F31 /* BusinessLogicLayer */ = {
			isa = PBXGroup;
			children = (
				39D1D8222C7B0910005464CF /* Services */,
			);
			path = BusinessLogicLayer;
			sourceTree = "<group>";
		};
		39B094F72C7A4EBC00098F31 /* PresentationLayer */ = {
			isa = PBXGroup;
			children = (
				39D1D8252C7B0B5D005464CF /* ScreenModules */,
				39D1D8232C7B0AD7005464CF /* Common */,
				39D1D8242C7B0B44005464CF /* Root */,
			);
			path = PresentationLayer;
			sourceTree = "<group>";
		};
		39B094F82C7A4ED000098F31 /* Models */ = {
			isa = PBXGroup;
			children = (
			);
			path = Models;
			sourceTree = "<group>";
		};
		39B094F92C7A4F9400098F31 /* Helpers */ = {
			isa = PBXGroup;
			children = (
			);
			path = Helpers;
			sourceTree = "<group>";
		};
		39D1D8212C7B0855005464CF /* DataStore */ = {
			isa = PBXGroup;
			children = (
			);
			path = DataStore;
			sourceTree = "<group>";
		};
		39D1D8222C7B0910005464CF /* Services */ = {
			isa = PBXGroup;
			children = (
			);
			path = Services;
			sourceTree = "<group>";
		};
		39D1D8232C7B0AD7005464CF /* Common */ = {
			isa = PBXGroup;
			children = (
				39D1D8282C7B14E9005464CF /* MVIContainer */,
			);
			path = Common;
			sourceTree = "<group>";
		};
		39D1D8242C7B0B44005464CF /* Root */ = {
			isa = PBXGroup;
			children = (
				49DEC01EB487CF9CB5C0DEA3 /* RootTabView */,
			);
			path = Root;
			sourceTree = "<group>";
		};
		39D1D8252C7B0B5D005464CF /* ScreenModules */ = {
			isa = PBXGroup;
			children = (
				4519F03BCF4995AF0F3C8165 /* SeasonStanding */,
			);
			path = ScreenModules;
			sourceTree = "<group>";
		};
		39D1D8262C7B0DAF005464CF /* Extensions */ = {
			isa = PBXGroup;
			children = (
			);
			path = Extensions;
			sourceTree = "<group>";
		};
		39D1D8282C7B14E9005464CF /* MVIContainer */ = {
			isa = PBXGroup;
			children = (
				39D1D8292C7B14FF005464CF /* MVIContainer.swift */,
				39D1D82B2C7B1528005464CF /* RouterProtocol.swift */,
				39D1D82D2C7B154E005464CF /* RouterScreenProtocol.swift */,
				39D1D82F2C7B1563005464CF /* Modifiers */,
			);
			path = MVIContainer;
			sourceTree = "<group>";
		};
		39D1D82F2C7B1563005464CF /* Modifiers */ = {
			isa = PBXGroup;
			children = (
				39D1D8302C7B15A4005464CF /* RouterAlertModifier.swift */,
				39D1D8322C7B15F1005464CF /* RouterCloseModifier.swift */,
				39D1D8342C7B161F005464CF /* RouterNavigationStackModifier.swift */,
				39D1D8362C7B1644005464CF /* RouterNavigationViewModifier.swift */,
				39D1D8382C7B1A11005464CF /* RouterSheetModifier.swift */,
			);
			path = Modifiers;
			sourceTree = "<group>";
		};
		3E880DA9986FF5B537E79C6B /* Router */ = {
			isa = PBXGroup;
			children = (
				C26369E4CA1630B46E919B7C /* RootTabViewRouter.swift */,
			);
			path = Router;
			sourceTree = "<group>";
		};
		4519F03BCF4995AF0F3C8165 /* SeasonStanding */ = {
			isa = PBXGroup;
			children = (
				2CF4845EA9C95465AA1DE713 /* Assembly */,
				8D0C842A288F8D98A8FAC381 /* Intent */,
				B39043E18713A06E1CA28092 /* Model */,
				5FA5CB8C7A964A8489CD4DA4 /* Router */,
				82FCC6DD231AAFAAC06A1591 /* View */,
			);
			name = SeasonStanding;
			path = F1SwiftUI/Classes/PresentationLayer/ScreenModules/SeasonStanding;
			sourceTree = SOURCE_ROOT;
		};
		49DEC01EB487CF9CB5C0DEA3 /* RootTabView */ = {
			isa = PBXGroup;
			children = (
				BBC74094CF1028323AB5FC5A /* Assembly */,
				D1A46D30C9C498B8C7C44AEF /* Intent */,
				0A6CED638D6B067100B7F59F /* Model */,
				3E880DA9986FF5B537E79C6B /* Router */,
				B959292B2F4FCAC8CC44B8C9 /* View */,
			);
			name = RootTabView;
			path = MyF1Project/Classes/PresentationLayer/Root/RootTabView;
			sourceTree = SOURCE_ROOT;
		};
		5FA5CB8C7A964A8489CD4DA4 /* Router */ = {
			isa = PBXGroup;
			children = (
				ED97270F307AA24FE980FCC2 /* SeasonStandingRouter.swift */,
			);
			path = Router;
			sourceTree = "<group>";
		};
		82FCC6DD231AAFAAC06A1591 /* View */ = {
			isa = PBXGroup;
			children = (
				A3005CC0CFDCC1D2C14EF0BB /* SeasonStandingView.swift */,
			);
			path = View;
			sourceTree = "<group>";
		};
		8D0C842A288F8D98A8FAC381 /* Intent */ = {
			isa = PBXGroup;
			children = (
				437AB9510CB75DA42A92F061 /* SeasonStandingIntentProtocol.swift */,
				51B88AE685EAB5E92668EBC3 /* SeasonStandingIntent.swift */,
			);
			path = Intent;
			sourceTree = "<group>";
		};
		B39043E18713A06E1CA28092 /* Model */ = {
			isa = PBXGroup;
			children = (
				EF8519D3EDFFDB76047F6EBA /* SeasonStandingModelProtocol.swift */,
				6E549D0722870A4C26B63B8E /* SeasonStandingModel.swift */,
			);
			path = Model;
			sourceTree = "<group>";
		};
		B959292B2F4FCAC8CC44B8C9 /* View */ = {
			isa = PBXGroup;
			children = (
				2941FAAD5747B918BBA8D00E /* RootTabViewView.swift */,
			);
			path = View;
			sourceTree = "<group>";
		};
		BBC74094CF1028323AB5FC5A /* Assembly */ = {
			isa = PBXGroup;
			children = (
				C09987810F96248EB5856262 /* RootTabViewAssembly.swift */,
			);
			path = Assembly;
			sourceTree = "<group>";
		};
		D1A46D30C9C498B8C7C44AEF /* Intent */ = {
			isa = PBXGroup;
			children = (
				B4AC352A71DF05DD53BBDF33 /* RootTabViewIntentProtocol.swift */,
				AA5F5356FA653BF21282E9CC /* RootTabViewIntent.swift */,
			);
			path = Intent;
			sourceTree = "<group>";
		};
/* End PBXGroup section */

/* Begin PBXNativeTarget section */
		39B094C22C7A4B3000098F31 /* MyF1Project */ = {
			isa = PBXNativeTarget;
			buildConfigurationList = 39B094E72C7A4B3300098F31 /* Build configuration list for PBXNativeTarget "MyF1Project" */;
			buildPhases = (
				39B094BF2C7A4B3000098F31 /* Sources */,
				39B094C02C7A4B3000098F31 /* Frameworks */,
				39B094C12C7A4B3000098F31 /* Resources */,
			);
			buildRules = (
			);
			dependencies = (
			);
			name = MyF1Project;
			productName = MyF1Project;
			productReference = 39B094C32C7A4B3000098F31 /* MyF1Project.app */;
			productType = "com.apple.product-type.application";
		};
		39B094D22C7A4B3300098F31 /* MyF1ProjectTests */ = {
			isa = PBXNativeTarget;
			buildConfigurationList = 39B094EA2C7A4B3300098F31 /* Build configuration list for PBXNativeTarget "MyF1ProjectTests" */;
			buildPhases = (
				39B094CF2C7A4B3300098F31 /* Sources */,
				39B094D02C7A4B3300098F31 /* Frameworks */,
				39B094D12C7A4B3300098F31 /* Resources */,
			);
			buildRules = (
			);
			dependencies = (
				39B094D52C7A4B3300098F31 /* PBXTargetDependency */,
			);
			name = MyF1ProjectTests;
			productName = MyF1ProjectTests;
			productReference = 39B094D32C7A4B3300098F31 /* MyF1ProjectTests.xctest */;
			productType = "com.apple.product-type.bundle.unit-test";
		};
		39B094DC2C7A4B3300098F31 /* MyF1ProjectUITests */ = {
			isa = PBXNativeTarget;
			buildConfigurationList = 39B094ED2C7A4B3300098F31 /* Build configuration list for PBXNativeTarget "MyF1ProjectUITests" */;
			buildPhases = (
				39B094D92C7A4B3300098F31 /* Sources */,
				39B094DA2C7A4B3300098F31 /* Frameworks */,
				39B094DB2C7A4B3300098F31 /* Resources */,
			);
			buildRules = (
			);
			dependencies = (
				39B094DF2C7A4B3300098F31 /* PBXTargetDependency */,
			);
			name = MyF1ProjectUITests;
			productName = MyF1ProjectUITests;
			productReference = 39B094DD2C7A4B3300098F31 /* MyF1ProjectUITests.xctest */;
			productType = "com.apple.product-type.bundle.ui-testing";
		};
/* End PBXNativeTarget section */

/* Begin PBXProject section */
		39B094BB2C7A4B3000098F31 /* Project object */ = {
			isa = PBXProject;
			attributes = {
				BuildIndependentTargetsInParallel = 1;
				LastSwiftUpdateCheck = 1500;
				LastUpgradeCheck = 1500;
				TargetAttributes = {
					39B094C22C7A4B3000098F31 = {
						CreatedOnToolsVersion = 15.0;
					};
					39B094D22C7A4B3300098F31 = {
						CreatedOnToolsVersion = 15.0;
						TestTargetID = 39B094C22C7A4B3000098F31;
					};
					39B094DC2C7A4B3300098F31 = {
						CreatedOnToolsVersion = 15.0;
						TestTargetID = 39B094C22C7A4B3000098F31;
					};
				};
			};
			buildConfigurationList = 39B094BE2C7A4B3000098F31 /* Build configuration list for PBXProject "MyF1Project" */;
			compatibilityVersion = "Xcode 14.0";
			developmentRegion = en;
			hasScannedForEncodings = 0;
			knownRegions = (
				en,
				Base,
			);
			mainGroup = 39B094BA2C7A4B3000098F31;
			productRefGroup = 39B094C42C7A4B3000098F31 /* Products */;
			projectDirPath = "";
			projectRoot = "";
			targets = (
				39B094C22C7A4B3000098F31 /* MyF1Project */,
				39B094D22C7A4B3300098F31 /* MyF1ProjectTests */,
				39B094DC2C7A4B3300098F31 /* MyF1ProjectUITests */,
			);
		};
/* End PBXProject section */

/* Begin PBXResourcesBuildPhase section */
		39B094C12C7A4B3000098F31 /* Resources */ = {
			isa = PBXResourcesBuildPhase;
			buildActionMask = 2147483647;
			files = (
				39B094CE2C7A4B3300098F31 /* Preview Assets.xcassets in Resources */,
				39B094CB2C7A4B3300098F31 /* Assets.xcassets in Resources */,
			);
			runOnlyForDeploymentPostprocessing = 0;
		};
		39B094D12C7A4B3300098F31 /* Resources */ = {
			isa = PBXResourcesBuildPhase;
			buildActionMask = 2147483647;
			files = (
			);
			runOnlyForDeploymentPostprocessing = 0;
		};
		39B094DB2C7A4B3300098F31 /* Resources */ = {
			isa = PBXResourcesBuildPhase;
			buildActionMask = 2147483647;
			files = (
			);
			runOnlyForDeploymentPostprocessing = 0;
		};
/* End PBXResourcesBuildPhase section */

/* Begin PBXSourcesBuildPhase section */
		39B094BF2C7A4B3000098F31 /* Sources */ = {
			isa = PBXSourcesBuildPhase;
			buildActionMask = 2147483647;
			files = (
				39B094C72C7A4B3000098F31 /* MyF1ProjectApp.swift in Sources */,
				39D1D82C2C7B1528005464CF /* RouterProtocol.swift in Sources */,
				39D1D82A2C7B14FF005464CF /* MVIContainer.swift in Sources */,
				39D1D8352C7B161F005464CF /* RouterNavigationStackModifier.swift in Sources */,
				39D1D8392C7B1A11005464CF /* RouterSheetModifier.swift in Sources */,
				39D1D8312C7B15A4005464CF /* RouterAlertModifier.swift in Sources */,
				39D1D8372C7B1644005464CF /* RouterNavigationViewModifier.swift in Sources */,
				39D1D8332C7B15F1005464CF /* RouterCloseModifier.swift in Sources */,
				39D1D82E2C7B154E005464CF /* RouterScreenProtocol.swift in Sources */,
				15FBC62D9656D5D76DCDC9A9 /* RootTabViewAssembly.swift in Sources */,
				F6FC2E716943C3578D34BBF6 /* RootTabViewIntentProtocol.swift in Sources */,
				059D682A63D923320C29D020 /* RootTabViewIntent.swift in Sources */,
				0367D278754904D3BE511680 /* RootTabViewModelProtocol.swift in Sources */,
				D21D5794F3F23069899D43D2 /* RootTabViewModel.swift in Sources */,
				FC3BECDB4F1D83B12838D4D6 /* RootTabViewRouter.swift in Sources */,
				472BF2A362658EE24C45DEEE /* RootTabViewView.swift in Sources */,
				DAD61D02D00ABA89208009AB /* SeasonStandingAssembly.swift in Sources */,
				3668EDE6FF01A3176662F0F9 /* SeasonStandingIntentProtocol.swift in Sources */,
				468D3D98FAA5B0E7D0E700CC /* SeasonStandingIntent.swift in Sources */,
				E25ADB63FBE04831D470C850 /* SeasonStandingModelProtocol.swift in Sources */,
				896A095A6660C867446B8012 /* SeasonStandingModel.swift in Sources */,
				6A69C7E49581204EB094DB57 /* SeasonStandingRouter.swift in Sources */,
				7A8D2D7038099D42D9252CCA /* SeasonStandingView.swift in Sources */,
			);
			runOnlyForDeploymentPostprocessing = 0;
		};
		39B094CF2C7A4B3300098F31 /* Sources */ = {
			isa = PBXSourcesBuildPhase;
			buildActionMask = 2147483647;
			files = (
				39B094D82C7A4B3300098F31 /* MyF1ProjectTests.swift in Sources */,
			);
			runOnlyForDeploymentPostprocessing = 0;
		};
		39B094D92C7A4B3300098F31 /* Sources */ = {
			isa = PBXSourcesBuildPhase;
			buildActionMask = 2147483647;
			files = (
				39B094E22C7A4B3300098F31 /* MyF1ProjectUITests.swift in Sources */,
				39B094E42C7A4B3300098F31 /* MyF1ProjectUITestsLaunchTests.swift in Sources */,
			);
			runOnlyForDeploymentPostprocessing = 0;
		};
/* End PBXSourcesBuildPhase section */

/* Begin PBXTargetDependency section */
		39B094D52C7A4B3300098F31 /* PBXTargetDependency */ = {
			isa = PBXTargetDependency;
			target = 39B094C22C7A4B3000098F31 /* MyF1Project */;
			targetProxy = 39B094D42C7A4B3300098F31 /* PBXContainerItemProxy */;
		};
		39B094DF2C7A4B3300098F31 /* PBXTargetDependency */ = {
			isa = PBXTargetDependency;
			target = 39B094C22C7A4B3000098F31 /* MyF1Project */;
			targetProxy = 39B094DE2C7A4B3300098F31 /* PBXContainerItemProxy */;
		};
/* End PBXTargetDependency section */

/* Begin XCBuildConfiguration section */
		39B094E52C7A4B3300098F31 /* Debug */ = {
			isa = XCBuildConfiguration;
			buildSettings = {
				ALWAYS_SEARCH_USER_PATHS = NO;
				ASSETCATALOG_COMPILER_GENERATE_SWIFT_ASSET_SYMBOL_EXTENSIONS = YES;
				CLANG_ANALYZER_NONNULL = YES;
				CLANG_ANALYZER_NUMBER_OBJECT_CONVERSION = YES_AGGRESSIVE;
				CLANG_CXX_LANGUAGE_STANDARD = "gnu++20";
				CLANG_ENABLE_MODULES = YES;
				CLANG_ENABLE_OBJC_ARC = YES;
				CLANG_ENABLE_OBJC_WEAK = YES;
				CLANG_WARN_BLOCK_CAPTURE_AUTORELEASING = YES;
				CLANG_WARN_BOOL_CONVERSION = YES;
				CLANG_WARN_COMMA = YES;
				CLANG_WARN_CONSTANT_CONVERSION = YES;
				CLANG_WARN_DEPRECATED_OBJC_IMPLEMENTATIONS = YES;
				CLANG_WARN_DIRECT_OBJC_ISA_USAGE = YES_ERROR;
				CLANG_WARN_DOCUMENTATION_COMMENTS = YES;
				CLANG_WARN_EMPTY_BODY = YES;
				CLANG_WARN_ENUM_CONVERSION = YES;
				CLANG_WARN_INFINITE_RECURSION = YES;
				CLANG_WARN_INT_CONVERSION = YES;
				CLANG_WARN_NON_LITERAL_NULL_CONVERSION = YES;
				CLANG_WARN_OBJC_IMPLICIT_RETAIN_SELF = YES;
				CLANG_WARN_OBJC_LITERAL_CONVERSION = YES;
				CLANG_WARN_OBJC_ROOT_CLASS = YES_ERROR;
				CLANG_WARN_QUOTED_INCLUDE_IN_FRAMEWORK_HEADER = YES;
				CLANG_WARN_RANGE_LOOP_ANALYSIS = YES;
				CLANG_WARN_STRICT_PROTOTYPES = YES;
				CLANG_WARN_SUSPICIOUS_MOVE = YES;
				CLANG_WARN_UNGUARDED_AVAILABILITY = YES_AGGRESSIVE;
				CLANG_WARN_UNREACHABLE_CODE = YES;
				CLANG_WARN__DUPLICATE_METHOD_MATCH = YES;
				COPY_PHASE_STRIP = NO;
				DEBUG_INFORMATION_FORMAT = dwarf;
				ENABLE_STRICT_OBJC_MSGSEND = YES;
				ENABLE_TESTABILITY = YES;
				ENABLE_USER_SCRIPT_SANDBOXING = YES;
				GCC_C_LANGUAGE_STANDARD = gnu17;
				GCC_DYNAMIC_NO_PIC = NO;
				GCC_NO_COMMON_BLOCKS = YES;
				GCC_OPTIMIZATION_LEVEL = 0;
				GCC_PREPROCESSOR_DEFINITIONS = (
					"DEBUG=1",
					"$(inherited)",
				);
				GCC_WARN_64_TO_32_BIT_CONVERSION = YES;
				GCC_WARN_ABOUT_RETURN_TYPE = YES_ERROR;
				GCC_WARN_UNDECLARED_SELECTOR = YES;
				GCC_WARN_UNINITIALIZED_AUTOS = YES_AGGRESSIVE;
				GCC_WARN_UNUSED_FUNCTION = YES;
				GCC_WARN_UNUSED_VARIABLE = YES;
				IPHONEOS_DEPLOYMENT_TARGET = 17.0;
				LOCALIZATION_PREFERS_STRING_CATALOGS = YES;
				MTL_ENABLE_DEBUG_INFO = INCLUDE_SOURCE;
				MTL_FAST_MATH = YES;
				ONLY_ACTIVE_ARCH = YES;
				SDKROOT = iphoneos;
				SWIFT_ACTIVE_COMPILATION_CONDITIONS = "DEBUG $(inherited)";
				SWIFT_OPTIMIZATION_LEVEL = "-Onone";
			};
			name = Debug;
		};
		39B094E62C7A4B3300098F31 /* Release */ = {
			isa = XCBuildConfiguration;
			buildSettings = {
				ALWAYS_SEARCH_USER_PATHS = NO;
				ASSETCATALOG_COMPILER_GENERATE_SWIFT_ASSET_SYMBOL_EXTENSIONS = YES;
				CLANG_ANALYZER_NONNULL = YES;
				CLANG_ANALYZER_NUMBER_OBJECT_CONVERSION = YES_AGGRESSIVE;
				CLANG_CXX_LANGUAGE_STANDARD = "gnu++20";
				CLANG_ENABLE_MODULES = YES;
				CLANG_ENABLE_OBJC_ARC = YES;
				CLANG_ENABLE_OBJC_WEAK = YES;
				CLANG_WARN_BLOCK_CAPTURE_AUTORELEASING = YES;
				CLANG_WARN_BOOL_CONVERSION = YES;
				CLANG_WARN_COMMA = YES;
				CLANG_WARN_CONSTANT_CONVERSION = YES;
				CLANG_WARN_DEPRECATED_OBJC_IMPLEMENTATIONS = YES;
				CLANG_WARN_DIRECT_OBJC_ISA_USAGE = YES_ERROR;
				CLANG_WARN_DOCUMENTATION_COMMENTS = YES;
				CLANG_WARN_EMPTY_BODY = YES;
				CLANG_WARN_ENUM_CONVERSION = YES;
				CLANG_WARN_INFINITE_RECURSION = YES;
				CLANG_WARN_INT_CONVERSION = YES;
				CLANG_WARN_NON_LITERAL_NULL_CONVERSION = YES;
				CLANG_WARN_OBJC_IMPLICIT_RETAIN_SELF = YES;
				CLANG_WARN_OBJC_LITERAL_CONVERSION = YES;
				CLANG_WARN_OBJC_ROOT_CLASS = YES_ERROR;
				CLANG_WARN_QUOTED_INCLUDE_IN_FRAMEWORK_HEADER = YES;
				CLANG_WARN_RANGE_LOOP_ANALYSIS = YES;
				CLANG_WARN_STRICT_PROTOTYPES = YES;
				CLANG_WARN_SUSPICIOUS_MOVE = YES;
				CLANG_WARN_UNGUARDED_AVAILABILITY = YES_AGGRESSIVE;
				CLANG_WARN_UNREACHABLE_CODE = YES;
				CLANG_WARN__DUPLICATE_METHOD_MATCH = YES;
				COPY_PHASE_STRIP = NO;
				DEBUG_INFORMATION_FORMAT = "dwarf-with-dsym";
				ENABLE_NS_ASSERTIONS = NO;
				ENABLE_STRICT_OBJC_MSGSEND = YES;
				ENABLE_USER_SCRIPT_SANDBOXING = YES;
				GCC_C_LANGUAGE_STANDARD = gnu17;
				GCC_NO_COMMON_BLOCKS = YES;
				GCC_WARN_64_TO_32_BIT_CONVERSION = YES;
				GCC_WARN_ABOUT_RETURN_TYPE = YES_ERROR;
				GCC_WARN_UNDECLARED_SELECTOR = YES;
				GCC_WARN_UNINITIALIZED_AUTOS = YES_AGGRESSIVE;
				GCC_WARN_UNUSED_FUNCTION = YES;
				GCC_WARN_UNUSED_VARIABLE = YES;
				IPHONEOS_DEPLOYMENT_TARGET = 17.0;
				LOCALIZATION_PREFERS_STRING_CATALOGS = YES;
				MTL_ENABLE_DEBUG_INFO = NO;
				MTL_FAST_MATH = YES;
				SDKROOT = iphoneos;
				SWIFT_COMPILATION_MODE = wholemodule;
				VALIDATE_PRODUCT = YES;
			};
			name = Release;
		};
		39B094E82C7A4B3300098F31 /* Debug */ = {
			isa = XCBuildConfiguration;
			buildSettings = {
				ASSETCATALOG_COMPILER_APPICON_NAME = AppIcon;
				ASSETCATALOG_COMPILER_GLOBAL_ACCENT_COLOR_NAME = AccentColor;
				CODE_SIGN_STYLE = Automatic;
				CURRENT_PROJECT_VERSION = 1;
				DEVELOPMENT_ASSET_PATHS = "\"MyF1Project/Resources/Preview Content\"";
				DEVELOPMENT_TEAM = CH9978FC75;
				ENABLE_PREVIEWS = YES;
				GENERATE_INFOPLIST_FILE = YES;
				INFOPLIST_KEY_UIApplicationSceneManifest_Generation = YES;
				INFOPLIST_KEY_UIApplicationSupportsIndirectInputEvents = YES;
				INFOPLIST_KEY_UILaunchScreen_Generation = YES;
				INFOPLIST_KEY_UISupportedInterfaceOrientations = UIInterfaceOrientationPortrait;
				LD_RUNPATH_SEARCH_PATHS = (
					"$(inherited)",
					"@executable_path/Frameworks",
				);
				MARKETING_VERSION = 1.0;
				PRODUCT_BUNDLE_IDENTIFIER = com.Faith.MyF1Project.MyF1Project;
				PRODUCT_NAME = "$(TARGET_NAME)";
				SWIFT_EMIT_LOC_STRINGS = YES;
				SWIFT_VERSION = 5.0;
				TARGETED_DEVICE_FAMILY = "1,2";
			};
			name = Debug;
		};
		39B094E92C7A4B3300098F31 /* Release */ = {
			isa = XCBuildConfiguration;
			buildSettings = {
				ASSETCATALOG_COMPILER_APPICON_NAME = AppIcon;
				ASSETCATALOG_COMPILER_GLOBAL_ACCENT_COLOR_NAME = AccentColor;
				CODE_SIGN_STYLE = Automatic;
				CURRENT_PROJECT_VERSION = 1;
				DEVELOPMENT_ASSET_PATHS = "\"MyF1Project/Resources/Preview Content\"";
				DEVELOPMENT_TEAM = CH9978FC75;
				ENABLE_PREVIEWS = YES;
				GENERATE_INFOPLIST_FILE = YES;
				INFOPLIST_KEY_UIApplicationSceneManifest_Generation = YES;
				INFOPLIST_KEY_UIApplicationSupportsIndirectInputEvents = YES;
				INFOPLIST_KEY_UILaunchScreen_Generation = YES;
				INFOPLIST_KEY_UISupportedInterfaceOrientations = UIInterfaceOrientationPortrait;
				LD_RUNPATH_SEARCH_PATHS = (
					"$(inherited)",
					"@executable_path/Frameworks",
				);
				MARKETING_VERSION = 1.0;
				PRODUCT_BUNDLE_IDENTIFIER = com.Faith.MyF1Project.MyF1Project;
				PRODUCT_NAME = "$(TARGET_NAME)";
				SWIFT_EMIT_LOC_STRINGS = YES;
				SWIFT_VERSION = 5.0;
				TARGETED_DEVICE_FAMILY = "1,2";
			};
			name = Release;
		};
		39B094EB2C7A4B3300098F31 /* Debug */ = {
			isa = XCBuildConfiguration;
			buildSettings = {
				ALWAYS_EMBED_SWIFT_STANDARD_LIBRARIES = YES;
				BUNDLE_LOADER = "$(TEST_HOST)";
				CODE_SIGN_STYLE = Automatic;
				CURRENT_PROJECT_VERSION = 1;
				DEVELOPMENT_TEAM = CH9978FC75;
				GENERATE_INFOPLIST_FILE = YES;
				IPHONEOS_DEPLOYMENT_TARGET = 17.0;
				MARKETING_VERSION = 1.0;
				PRODUCT_BUNDLE_IDENTIFIER = com.Faith.MyF1Project.MyF1ProjectTests;
				PRODUCT_NAME = "$(TARGET_NAME)";
				SWIFT_EMIT_LOC_STRINGS = NO;
				SWIFT_VERSION = 5.0;
				TARGETED_DEVICE_FAMILY = "1,2";
				TEST_HOST = "$(BUILT_PRODUCTS_DIR)/MyF1Project.app/$(BUNDLE_EXECUTABLE_FOLDER_PATH)/MyF1Project";
			};
			name = Debug;
		};
		39B094EC2C7A4B3300098F31 /* Release */ = {
			isa = XCBuildConfiguration;
			buildSettings = {
				ALWAYS_EMBED_SWIFT_STANDARD_LIBRARIES = YES;
				BUNDLE_LOADER = "$(TEST_HOST)";
				CODE_SIGN_STYLE = Automatic;
				CURRENT_PROJECT_VERSION = 1;
				DEVELOPMENT_TEAM = CH9978FC75;
				GENERATE_INFOPLIST_FILE = YES;
				IPHONEOS_DEPLOYMENT_TARGET = 17.0;
				MARKETING_VERSION = 1.0;
				PRODUCT_BUNDLE_IDENTIFIER = com.Faith.MyF1Project.MyF1ProjectTests;
				PRODUCT_NAME = "$(TARGET_NAME)";
				SWIFT_EMIT_LOC_STRINGS = NO;
				SWIFT_VERSION = 5.0;
				TARGETED_DEVICE_FAMILY = "1,2";
				TEST_HOST = "$(BUILT_PRODUCTS_DIR)/MyF1Project.app/$(BUNDLE_EXECUTABLE_FOLDER_PATH)/MyF1Project";
			};
			name = Release;
		};
		39B094EE2C7A4B3300098F31 /* Debug */ = {
			isa = XCBuildConfiguration;
			buildSettings = {
				ALWAYS_EMBED_SWIFT_STANDARD_LIBRARIES = YES;
				CODE_SIGN_STYLE = Automatic;
				CURRENT_PROJECT_VERSION = 1;
				DEVELOPMENT_TEAM = CH9978FC75;
				GENERATE_INFOPLIST_FILE = YES;
				MARKETING_VERSION = 1.0;
				PRODUCT_BUNDLE_IDENTIFIER = com.Faith.MyF1Project.MyF1ProjectUITests;
				PRODUCT_NAME = "$(TARGET_NAME)";
				SWIFT_EMIT_LOC_STRINGS = NO;
				SWIFT_VERSION = 5.0;
				TARGETED_DEVICE_FAMILY = "1,2";
				TEST_TARGET_NAME = MyF1Project;
			};
			name = Debug;
		};
		39B094EF2C7A4B3300098F31 /* Release */ = {
			isa = XCBuildConfiguration;
			buildSettings = {
				ALWAYS_EMBED_SWIFT_STANDARD_LIBRARIES = YES;
				CODE_SIGN_STYLE = Automatic;
				CURRENT_PROJECT_VERSION = 1;
				DEVELOPMENT_TEAM = CH9978FC75;
				GENERATE_INFOPLIST_FILE = YES;
				MARKETING_VERSION = 1.0;
				PRODUCT_BUNDLE_IDENTIFIER = com.Faith.MyF1Project.MyF1ProjectUITests;
				PRODUCT_NAME = "$(TARGET_NAME)";
				SWIFT_EMIT_LOC_STRINGS = NO;
				SWIFT_VERSION = 5.0;
				TARGETED_DEVICE_FAMILY = "1,2";
				TEST_TARGET_NAME = MyF1Project;
			};
			name = Release;
		};
/* End XCBuildConfiguration section */

/* Begin XCConfigurationList section */
		39B094BE2C7A4B3000098F31 /* Build configuration list for PBXProject "MyF1Project" */ = {
			isa = XCConfigurationList;
			buildConfigurations = (
				39B094E52C7A4B3300098F31 /* Debug */,
				39B094E62C7A4B3300098F31 /* Release */,
			);
			defaultConfigurationIsVisible = 0;
			defaultConfigurationName = Release;
		};
		39B094E72C7A4B3300098F31 /* Build configuration list for PBXNativeTarget "MyF1Project" */ = {
			isa = XCConfigurationList;
			buildConfigurations = (
				39B094E82C7A4B3300098F31 /* Debug */,
				39B094E92C7A4B3300098F31 /* Release */,
			);
			defaultConfigurationIsVisible = 0;
			defaultConfigurationName = Release;
		};
		39B094EA2C7A4B3300098F31 /* Build configuration list for PBXNativeTarget "MyF1ProjectTests" */ = {
			isa = XCConfigurationList;
			buildConfigurations = (
				39B094EB2C7A4B3300098F31 /* Debug */,
				39B094EC2C7A4B3300098F31 /* Release */,
			);
			defaultConfigurationIsVisible = 0;
			defaultConfigurationName = Release;
		};
		39B094ED2C7A4B3300098F31 /* Build configuration list for PBXNativeTarget "MyF1ProjectUITests" */ = {
			isa = XCConfigurationList;
			buildConfigurations = (
				39B094EE2C7A4B3300098F31 /* Debug */,
				39B094EF2C7A4B3300098F31 /* Release */,
			);
			defaultConfigurationIsVisible = 0;
			defaultConfigurationName = Release;
		};
/* End XCConfigurationList section */
	};
	rootObject = 39B094BB2C7A4B3000098F31 /* Project object */;
}
